# THIS IS AN AUTOGENERATED FILE. DO NOT EDIT THIS FILE DIRECTLY.
# yarn lockfile v1


"@arcblock/client-extension@^1.0.33":
  version "1.0.33"
  resolved "https://registry.npm.taobao.org/@arcblock/client-extension/download/@arcblock/client-extension-1.0.33.tgz#051499182925fca0e86023d8bd045d504e1d7a63"
  integrity sha1-BRSZGCkl/KDoYCPYvQRdUE4demM=
  dependencies:
    "@arcblock/did" "^1.0.33"
    "@arcblock/did-util" "^1.0.33"
    "@arcblock/forge-message" "^1.0.33"
    "@arcblock/forge-proto" "^1.0.33"
    "@arcblock/forge-util" "^1.0.33"
    "@arcblock/forge-wallet" "^1.0.33"
    "@arcblock/mcrypto" "^1.0.33"
    debug "^4.1.1"
    lodash "^4.17.14"

"@arcblock/did-util@^1.0.33":
  version "1.0.33"
  resolved "https://registry.npm.taobao.org/@arcblock/did-util/download/@arcblock/did-util-1.0.33.tgz#ea8db2c4af359c834311201c463261e9d64b4302"
  integrity sha1-6o2yxK81nINDESAcRjJh6dZLQwI=
  dependencies:
    "@arcblock/did" "^1.0.33"
    "@arcblock/forge-message" "^1.0.33"
    "@arcblock/forge-proto" "^1.0.33"
    "@arcblock/forge-util" "^1.0.33"
    "@arcblock/forge-wallet" "^1.0.33"
    "@arcblock/mcrypto" "^1.0.33"

"@arcblock/did@^1.0.33":
  version "1.0.33"
  resolved "https://registry.npm.taobao.org/@arcblock/did/download/@arcblock/did-1.0.33.tgz#5f680d7723fc30ade09b8346f129c1df701dfa21"
  integrity sha1-X2gNdyP8MK3gm4NG8SnB33Ad+iE=
  dependencies:
    "@arcblock/forge-util" "^1.0.33"
    "@arcblock/mcrypto" "^1.0.33"
    bn.js "^5.0.0"
    debug "^4.1.1"
    lodash "^4.17.14"

"@arcblock/forge-message@^1.0.33":
  version "1.0.33"
  resolved "https://registry.npm.taobao.org/@arcblock/forge-message/download/@arcblock/forge-message-1.0.33.tgz#e69cbf5648912ad05343fd7fc85bcceb0e1ed272"
  integrity sha1-5py/VkiRKtBTQ/1/yFvM6w4e0nI=
  dependencies:
    "@arcblock/forge-proto" "^1.0.33"
    "@arcblock/forge-util" "^1.0.33"
    debug "^4.1.1"
    google-protobuf "^3.9.0"
    lodash "^4.17.15"

"@arcblock/forge-proto@^1.0.33":
  version "1.0.33"
  resolved "https://registry.npm.taobao.org/@arcblock/forge-proto/download/@arcblock/forge-proto-1.0.33.tgz#0d11d0c9086f6c08be552b0c885b2affa91927f3"
  integrity sha1-DRHQyQhvbAi+VSsMiFsq/6kZJ/M=
  dependencies:
    debug "^4.1.1"
    lodash "^4.17.15"

"@arcblock/forge-util@^1.0.33":
  version "1.0.33"
  resolved "https://registry.npm.taobao.org/@arcblock/forge-util/download/@arcblock/forge-util-1.0.33.tgz#363cc9dfe2990cb6f633a977f9f74bb0220d55ac"
  integrity sha1-NjzJ3+KZDLb2M6l3+fdLsCINVaw=
  dependencies:
    base64-url "^2.3.2"
    bn.js "4.11.6"
    lodash "^4.17.14"
    multibase "^0.6.0"
    number-to-bn "^1.7.0"
    utf8 "^3.0.0"

"@arcblock/forge-wallet@^1.0.33":
  version "1.0.33"
  resolved "https://registry.npm.taobao.org/@arcblock/forge-wallet/download/@arcblock/forge-wallet-1.0.33.tgz#0571e50b2737c53bc07f51c75733bb0c6178a5f1"
  integrity sha1-BXHlCyc3xTvAf1HHVzO7DGF4pfE=
  dependencies:
    "@arcblock/did" "^1.0.33"
    "@arcblock/mcrypto" "^1.0.33"
    lodash.upperfirst "^4.3.1"

"@arcblock/graphql-client@^1.0.33":
  version "1.0.33"
  resolved "https://registry.npm.taobao.org/@arcblock/graphql-client/download/@arcblock/graphql-client-1.0.33.tgz#9773e9e6e08e6c43a5002b411a3c677b1870dc69"
  integrity sha1-l3Pp5uCObEOlACtBGjxnexhw3Gk=
  dependencies:
    "@arcblock/client-extension" "^1.0.33"
    "@arcblock/sdk-util" "^0.25.0"
    blueimp-md5 "^2.10.0"
    debug "^4.1.1"
    jsonpack "^1.1.5"
    lodash "^4.17.14"
    phoenix-channels "^1.0.0"
    react-app-polyfill "^1.0.1"
    wolfy87-eventemitter "^5.2.5"

"@arcblock/mcrypto@^1.0.33":
  version "1.0.33"
  resolved "https://registry.npm.taobao.org/@arcblock/mcrypto/download/@arcblock/mcrypto-1.0.33.tgz#798c20766bf2811fbebdf813b032cf64e22bb397"
  integrity sha1-eYwgdmvygR++vfgTsDLPZOIrs5c=
  dependencies:
    "@arcblock/forge-util" "^1.0.33"
    bn.js "4.11.8"
    crypto-js "^3.1.9-1"
    elliptic "^6.4.1"
    hash.js "^1.1.7"
    interface "^1.2.1"
    js-sha3 "^0.8.0"
    randombytes "^2.0.6"
    tweetnacl "^1.0.1"

"@arcblock/sdk-util@^0.25.0":
  version "0.25.0"
  resolved "https://registry.npm.taobao.org/@arcblock/sdk-util/download/@arcblock/sdk-util-0.25.0.tgz#2967dc0798dde110f31491fe567e9eef68ee41bc"
  integrity sha1-KWfcB5jd4RDzFJH+Vn6e72juQbw=
  dependencies:
    axios "^0.19.0"
    debug "^4.1.1"
    graphql "^14.1.1"
    lodash.get "^4.4.2"
    lodash.set "^4.3.2"

"@hutson/set-npm-auth-token-for-ci@^5.0.0":
  version "5.0.0"
  resolved "https://registry.yarnpkg.com/@hutson/set-npm-auth-token-for-ci/-/set-npm-auth-token-for-ci-5.0.0.tgz#64394942cb72cc324d73a1ad8206dc895c9d5a17"
  integrity sha512-hp5vock32Wsb4U9PrdjVJu+U/Mk02qPJni6i6w+/1MlGkIjfioyJ5k+Yyp2olwjch3xv8iRWunuY3L9HnDaW+A==
  dependencies:
    debug "^4.0.0"
    local-or-home-npmrc "^1.1.0"
    registry-url "^5.1.0"

ansi-escapes@^3.0.0:
  version "3.2.0"
  resolved "https://registry.npm.taobao.org/ansi-escapes/download/ansi-escapes-3.2.0.tgz#8780b98ff9dbf5638152d1f1fe5c1d7b4442976b"
  integrity sha1-h4C5j/nb9WOBUtHx/lwde0RCl2s=

ansi-escapes@^4.2.1:
  version "4.3.0"
  resolved "https://registry.npm.taobao.org/ansi-escapes/download/ansi-escapes-4.3.0.tgz#a4ce2b33d6b214b7950d8595c212f12ac9cc569d"
  integrity sha1-pM4rM9ayFLeVDYWVwhLxKsnMVp0=
  dependencies:
    type-fest "^0.8.1"

ansi-regex@^4.1.0:
  version "4.1.0"
  resolved "https://registry.npm.taobao.org/ansi-regex/download/ansi-regex-4.1.0.tgz#8b9f8f08cf1acb843756a839ca8c7e3168c51997"
  integrity sha1-i5+PCM8ay4Q3Vqg5yox+MWjFGZc=

ansi-regex@^5.0.0:
  version "5.0.0"
  resolved "https://registry.npm.taobao.org/ansi-regex/download/ansi-regex-5.0.0.tgz#388539f55179bf39339c81af30a654d69f87cb75"
  integrity sha1-OIU59VF5vzkznIGvMKZU1p+Hy3U=

ansi-styles@^3.2.1:
  version "3.2.1"
  resolved "https://registry.npm.taobao.org/ansi-styles/download/ansi-styles-3.2.1.tgz?cache=0&sync_timestamp=1573557674483&other_urls=https%3A%2F%2Fregistry.npm.taobao.org%2Fansi-styles%2Fdownload%2Fansi-styles-3.2.1.tgz#41fbb20243e50b12be0f04b8dedbf07520ce841d"
  integrity sha1-QfuyAkPlCxK+DwS43tvwdSDOhB0=
  dependencies:
    color-convert "^1.9.0"

asap@~2.0.6:
  version "2.0.6"
  resolved "https://registry.npm.taobao.org/asap/download/asap-2.0.6.tgz#e50347611d7e690943208bbdafebcbc2fb866d46"
  integrity sha1-5QNHYR1+aQlDIIu9r+vLwvuGbUY=

axios@^0.19.0:
  version "0.19.0"
  resolved "https://registry.npm.taobao.org/axios/download/axios-0.19.0.tgz#8e09bff3d9122e133f7b8101c8fbdd00ed3d2ab8"
  integrity sha1-jgm/89kSLhM/e4EByPvdAO09Krg=
  dependencies:
    follow-redirects "1.5.10"
    is-buffer "^2.0.2"

balanced-match@^1.0.0:
  version "1.0.0"
  resolved "https://registry.npm.taobao.org/balanced-match/download/balanced-match-1.0.0.tgz#89b4d199ab2bee49de164ea02b89ce462d71b767"
  integrity sha1-ibTRmasr7kneFk6gK4nORi1xt2c=

base-x@3.0.4:
  version "3.0.4"
  resolved "https://registry.npm.taobao.org/base-x/download/base-x-3.0.4.tgz#94c1788736da065edb1d68808869e357c977fa77"
  integrity sha1-lMF4hzbaBl7bHWiAiGnjV8l3+nc=
  dependencies:
    safe-buffer "^5.0.1"

base64-url@^2.3.2:
  version "2.3.2"
  resolved "https://registry.npm.taobao.org/base64-url/download/base64-url-2.3.2.tgz#d7ea32e80ce3c3ad49f823e77c4dd247c6b81759"
  integrity sha1-1+oy6Azjw61J+CPnfE3SR8a4F1k=

blueimp-md5@^2.10.0:
  version "2.12.0"
  resolved "https://registry.npm.taobao.org/blueimp-md5/download/blueimp-md5-2.12.0.tgz#be7367938a889dec3ffbb71138617c117e9c130a"
  integrity sha1-vnNnk4qInew/+7cROGF8EX6cEwo=

bn.js@4.11.6:
  version "4.11.6"
  resolved "https://registry.npm.taobao.org/bn.js/download/bn.js-4.11.6.tgz#53344adb14617a13f6e8dd2ce28905d1c0ba3215"
  integrity sha1-UzRK2xRhehP26N0s4okF0cC6MhU=

bn.js@4.11.8, bn.js@^4.4.0:
  version "4.11.8"
  resolved "https://registry.npm.taobao.org/bn.js/download/bn.js-4.11.8.tgz#2cde09eb5ee341f484746bb0309b3253b1b1442f"
  integrity sha1-LN4J617jQfSEdGuwMJsyU7GxRC8=

bn.js@^5.0.0:
  version "5.0.0"
  resolved "https://registry.npm.taobao.org/bn.js/download/bn.js-5.0.0.tgz#5c3d398021b3ddb548c1296a16f857e908f35c70"
  integrity sha1-XD05gCGz3bVIwSlqFvhX6QjzXHA=

brace-expansion@^1.1.7:
  version "1.1.11"
  resolved "https://registry.npm.taobao.org/brace-expansion/download/brace-expansion-1.1.11.tgz#3c7fcbf529d87226f3d2f52b966ff5271eb441dd"
  integrity sha1-PH/L9SnYcibz0vUrlm/1Jx60Qd0=
  dependencies:
    balanced-match "^1.0.0"
    concat-map "0.0.1"

brorand@^1.0.1:
  version "1.1.0"
  resolved "https://registry.npm.taobao.org/brorand/download/brorand-1.1.0.tgz#12c25efe40a45e3c323eb8675a0a0ce57b22371f"
  integrity sha1-EsJe/kCkXjwyPrhnWgoM5XsiNx8=

chalk@^2.0.0, chalk@^2.4.2:
  version "2.4.2"
  resolved "https://registry.npm.taobao.org/chalk/download/chalk-2.4.2.tgz#cd42541677a54333cf541a49108c1432b44c9424"
  integrity sha1-zUJUFnelQzPPVBpJEIwUMrRMlCQ=
  dependencies:
    ansi-styles "^3.2.1"
    escape-string-regexp "^1.0.5"
    supports-color "^5.3.0"

chardet@^0.7.0:
  version "0.7.0"
  resolved "https://registry.npm.taobao.org/chardet/download/chardet-0.7.0.tgz#90094849f0937f2eedc2425d0d28a9e5f0cbad9e"
  integrity sha1-kAlISfCTfy7twkJdDSip5fDLrZ4=

child_process@^1.0.2:
  version "1.0.2"
  resolved "https://registry.npm.taobao.org/child_process/download/child_process-1.0.2.tgz#b1f7e7fc73d25e7fd1d455adc94e143830182b5a"
  integrity sha1-sffn/HPSXn/R1FWtyU4UODAYK1o=

cli-cursor@^3.1.0:
  version "3.1.0"
  resolved "https://registry.npm.taobao.org/cli-cursor/download/cli-cursor-3.1.0.tgz#264305a7ae490d1d03bf0c9ba7c925d1753af307"
  integrity sha1-JkMFp65JDR0Dvwybp8kl0XU68wc=
  dependencies:
    restore-cursor "^3.1.0"

cli-width@^2.0.0:
  version "2.2.0"
  resolved "https://registry.npm.taobao.org/cli-width/download/cli-width-2.2.0.tgz#ff19ede8a9a5e579324147b0c11f0fbcbabed639"
  integrity sha1-/xnt6Kml5XkyQUewwR8PvLq+1jk=

color-convert@^1.9.0:
  version "1.9.3"
  resolved "https://registry.npm.taobao.org/color-convert/download/color-convert-1.9.3.tgz#bb71850690e1f136567de629d2d5471deda4c1e8"
  integrity sha1-u3GFBpDh8TZWfeYp0tVHHe2kweg=
  dependencies:
    color-name "1.1.3"

color-name@1.1.3:
  version "1.1.3"
  resolved "https://registry.npm.taobao.org/color-name/download/color-name-1.1.3.tgz#a7d0558bd89c42f795dd42328f740831ca53bc25"
  integrity sha1-p9BVi9icQveV3UIyj3QIMcpTvCU=

concat-map@0.0.1:
  version "0.0.1"
  resolved "https://registry.npm.taobao.org/concat-map/download/concat-map-0.0.1.tgz#d8a96bd77fd68df7793a73036a3ba0d5405d477b"
  integrity sha1-2Klr13/Wjfd5OnMDajug1UBdR3s=

core-js@3.2.1:
  version "3.2.1"
  resolved "https://registry.npm.taobao.org/core-js/download/core-js-3.2.1.tgz#cd41f38534da6cc59f7db050fe67307de9868b09"
  integrity sha1-zUHzhTTabMWffbBQ/mcwfemGiwk=

crypto-js@^3.1.9-1:
  version "3.1.9-1"
  resolved "https://registry.npm.taobao.org/crypto-js/download/crypto-js-3.1.9-1.tgz?cache=0&other_urls=https%3A%2F%2Fregistry.npm.taobao.org%2Fcrypto-js%2Fdownload%2Fcrypto-js-3.1.9-1.tgz#fda19e761fc077e01ffbfdc6e9fdfc59e8806cd8"
  integrity sha1-/aGedh/Ad+Af+/3G6f38WeiAbNg=

debug@=3.1.0:
  version "3.1.0"
  resolved "https://registry.npm.taobao.org/debug/download/debug-3.1.0.tgz#5bb5a0672628b64149566ba16819e61518c67261"
  integrity sha1-W7WgZyYotkFJVmuhaBnmFRjGcmE=
  dependencies:
    ms "2.0.0"

debug@^2.2.0:
  version "2.6.9"
  resolved "https://registry.npm.taobao.org/debug/download/debug-2.6.9.tgz#5d128515df134ff327e90a4c93f4e077a536341f"
  integrity sha1-XRKFFd8TT/Mn6QpMk/Tgd6U2NB8=
  dependencies:
    ms "2.0.0"

debug@^4.0.0, debug@^4.1.1:
  version "4.1.1"
  resolved "https://registry.npm.taobao.org/debug/download/debug-4.1.1.tgz#3b72260255109c6b589cee050f1d516139664791"
  integrity sha1-O3ImAlUQnGtYnO4FDx1RYTlmR5E=
  dependencies:
    ms "^2.1.1"

deep-extend@^0.6.0:
  version "0.6.0"
  resolved "https://registry.yarnpkg.com/deep-extend/-/deep-extend-0.6.0.tgz#c4fa7c95404a17a9c3e8ca7e1537312b736330ac"
  integrity sha512-LOHxIOaPYdHlJRtCQfDIVZtfw/ufM8+rVj649RIHzcm/vGwQRXFt6OPqIFWsm2XEMrNIEtWR64sY1LEKD2vAOA==

elliptic@^6.4.1:
  version "6.5.2"
  resolved "https://registry.npm.taobao.org/elliptic/download/elliptic-6.5.2.tgz#05c5678d7173c049d8ca433552224a495d0e3762"
  integrity sha1-BcVnjXFzwEnYykM1UiJKSV0ON2I=
  dependencies:
    bn.js "^4.4.0"
    brorand "^1.0.1"
    hash.js "^1.0.0"
    hmac-drbg "^1.0.0"
    inherits "^2.0.1"
    minimalistic-assert "^1.0.0"
    minimalistic-crypto-utils "^1.0.0"

emoji-regex@^8.0.0:
  version "8.0.0"
  resolved "https://registry.npm.taobao.org/emoji-regex/download/emoji-regex-8.0.0.tgz#e818fd69ce5ccfcb404594f842963bf53164cc37"
  integrity sha1-6Bj9ac5cz8tARZT4QpY79TFkzDc=

escape-string-regexp@^1.0.5:
  version "1.0.5"
  resolved "https://registry.npm.taobao.org/escape-string-regexp/download/escape-string-regexp-1.0.5.tgz?cache=0&other_urls=https%3A%2F%2Fregistry.npm.taobao.org%2Fescape-string-regexp%2Fdownload%2Fescape-string-regexp-1.0.5.tgz#1b61c0562190a8dff6ae3bb2cf0200ca130b86d4"
  integrity sha1-G2HAViGQqN/2rjuyzwIAyhMLhtQ=

external-editor@^3.0.3:
  version "3.1.0"
  resolved "https://registry.npm.taobao.org/external-editor/download/external-editor-3.1.0.tgz#cb03f740befae03ea4d283caed2741a83f335495"
  integrity sha1-ywP3QL764D6k0oPK7SdBqD8zVJU=
  dependencies:
    chardet "^0.7.0"
    iconv-lite "^0.4.24"
    tmp "^0.0.33"

figures@^2.0.0:
  version "2.0.0"
  resolved "https://registry.npm.taobao.org/figures/download/figures-2.0.0.tgz#3ab1a2d2a62c8bfb431a0c94cb797a2fce27c962"
  integrity sha1-OrGi0qYsi/tDGgyUy3l6L84nyWI=
  dependencies:
    escape-string-regexp "^1.0.5"

figures@^3.0.0:
  version "3.1.0"
  resolved "https://registry.npm.taobao.org/figures/download/figures-3.1.0.tgz#4b198dd07d8d71530642864af2d45dd9e459c4ec"
  integrity sha1-SxmN0H2NcVMGQoZK8tRd2eRZxOw=
  dependencies:
    escape-string-regexp "^1.0.5"

find-up@^2.1.0:
  version "2.1.0"
  resolved "https://registry.yarnpkg.com/find-up/-/find-up-2.1.0.tgz#45d1b7e506c717ddd482775a2b77920a3c0c57a7"
  integrity sha1-RdG35QbHF93UgndaK3eSCjwMV6c=
  dependencies:
    locate-path "^2.0.0"

follow-redirects@1.5.10:
  version "1.5.10"
  resolved "https://registry.npm.taobao.org/follow-redirects/download/follow-redirects-1.5.10.tgz?cache=0&sync_timestamp=1567775546836&other_urls=https%3A%2F%2Fregistry.npm.taobao.org%2Ffollow-redirects%2Fdownload%2Ffollow-redirects-1.5.10.tgz#7b7a9f9aea2fdff36786a94ff643ed07f4ff5e2a"
  integrity sha1-e3qfmuov3/NnhqlP9kPtB/T/Xio=
  dependencies:
    debug "=3.1.0"

fs.realpath@^1.0.0:
  version "1.0.0"
  resolved "https://registry.npm.taobao.org/fs.realpath/download/fs.realpath-1.0.0.tgz#1504ad2523158caa40db4a2787cb01411994ea4f"
  integrity sha1-FQStJSMVjKpA20onh8sBQRmU6k8=

glob@^7.0.0:
  version "7.1.6"
  resolved "https://registry.npm.taobao.org/glob/download/glob-7.1.6.tgz#141f33b81a7c2492e125594307480c46679278a6"
  integrity sha1-FB8zuBp8JJLhJVlDB0gMRmeSeKY=
  dependencies:
    fs.realpath "^1.0.0"
    inflight "^1.0.4"
    inherits "2"
    minimatch "^3.0.4"
    once "^1.3.0"
    path-is-absolute "^1.0.0"

google-protobuf@^3.9.0:
  version "3.11.0"
  resolved "https://registry.npm.taobao.org/google-protobuf/download/google-protobuf-3.11.0.tgz?cache=0&other_urls=https%3A%2F%2Fregistry.npm.taobao.org%2Fgoogle-protobuf%2Fdownload%2Fgoogle-protobuf-3.11.0.tgz#9449d6029569aa4603fdaa154ec6a7681aea0787"
  integrity sha1-lEnWApVpqkYD/aoVTsanaBrqB4c=

graphql@^14.1.1:
  version "14.5.8"
  resolved "https://registry.npm.taobao.org/graphql/download/graphql-14.5.8.tgz#504f3d3114cb9a0a3f359bbbcf38d9e5bf6a6b3c"
  integrity sha1-UE89MRTLmgo/NZu7zzjZ5b9qazw=
  dependencies:
    iterall "^1.2.2"

has-flag@^3.0.0:
  version "3.0.0"
  resolved "https://registry.npm.taobao.org/has-flag/download/has-flag-3.0.0.tgz#b5d454dc2199ae225699f3467e5a07f3b955bafd"
  integrity sha1-tdRU3CGZriJWmfNGfloH87lVuv0=

hash.js@^1.0.0, hash.js@^1.0.3, hash.js@^1.1.7:
  version "1.1.7"
  resolved "https://registry.npm.taobao.org/hash.js/download/hash.js-1.1.7.tgz#0babca538e8d4ee4a0f8988d68866537a003cf42"
  integrity sha1-C6vKU46NTuSg+JiNaIZlN6ADz0I=
  dependencies:
    inherits "^2.0.3"
    minimalistic-assert "^1.0.1"

hmac-drbg@^1.0.0:
  version "1.0.1"
  resolved "https://registry.npm.taobao.org/hmac-drbg/download/hmac-drbg-1.0.1.tgz#d2745701025a6c775a6c545793ed502fc0c649a1"
  integrity sha1-0nRXAQJabHdabFRXk+1QL8DGSaE=
  dependencies:
    hash.js "^1.0.3"
    minimalistic-assert "^1.0.0"
    minimalistic-crypto-utils "^1.0.1"

iconv-lite@^0.4.24:
  version "0.4.24"
  resolved "https://registry.npm.taobao.org/iconv-lite/download/iconv-lite-0.4.24.tgz#2022b4b25fbddc21d2f524974a474aafe733908b"
  integrity sha1-ICK0sl+93CHS9SSXSkdKr+czkIs=
  dependencies:
    safer-buffer ">= 2.1.2 < 3"

inflight@^1.0.4:
  version "1.0.6"
  resolved "https://registry.npm.taobao.org/inflight/download/inflight-1.0.6.tgz#49bd6331d7d02d0c09bc910a1075ba8165b56df9"
  integrity sha1-Sb1jMdfQLQwJvJEKEHW6gWW1bfk=
  dependencies:
    once "^1.3.0"
    wrappy "1"

inherits@2, inherits@^2.0.1, inherits@^2.0.3:
  version "2.0.4"
  resolved "https://registry.npm.taobao.org/inherits/download/inherits-2.0.4.tgz?cache=0&sync_timestamp=1560975547815&other_urls=https%3A%2F%2Fregistry.npm.taobao.org%2Finherits%2Fdownload%2Finherits-2.0.4.tgz#0fa2c64f932917c3433a0ded55363aae37416b7c"
  integrity sha1-D6LGT5MpF8NDOg3tVTY6rjdBa3w=

ini@~1.3.0:
  version "1.3.5"
  resolved "https://registry.yarnpkg.com/ini/-/ini-1.3.5.tgz#eee25f56db1c9ec6085e0c22778083f596abf927"
  integrity sha512-RZY5huIKCMRWDUqZlEi72f/lmXKMvuszcMBduliQ3nnWbx9X/ZBQO7DijMEYS9EhHBb2qacRUMtC7svLwe0lcw==

inquirer-autocomplete-prompt@^1.0.1:
  version "1.0.1"
  resolved "https://registry.npm.taobao.org/inquirer-autocomplete-prompt/download/inquirer-autocomplete-prompt-1.0.1.tgz#e4be98a9e727ea5160937e33f8724e70464e3c4d"
  integrity sha1-5L6Yqecn6lFgk34z+HJOcEZOPE0=
  dependencies:
    ansi-escapes "^3.0.0"
    chalk "^2.0.0"
    figures "^2.0.0"
    run-async "^2.3.0"

inquirer@^7.0.0:
  version "7.0.0"
  resolved "https://registry.npm.taobao.org/inquirer/download/inquirer-7.0.0.tgz#9e2b032dde77da1db5db804758b8fea3a970519a"
  integrity sha1-nisDLd532h2124BHWLj+o6lwUZo=
  dependencies:
    ansi-escapes "^4.2.1"
    chalk "^2.4.2"
    cli-cursor "^3.1.0"
    cli-width "^2.0.0"
    external-editor "^3.0.3"
    figures "^3.0.0"
    lodash "^4.17.15"
    mute-stream "0.0.8"
    run-async "^2.2.0"
    rxjs "^6.4.0"
    string-width "^4.1.0"
    strip-ansi "^5.1.0"
    through "^2.3.6"

interface@^1.2.1:
  version "1.2.1"
  resolved "https://registry.npm.taobao.org/interface/download/interface-1.2.1.tgz#ba9ec974a56fc576e497278348dd59b3fc9a7c44"
  integrity sha1-up7JdKVvxXbklyeDSN1Zs/yafEQ=

interpret@^1.0.0:
  version "1.2.0"
  resolved "https://registry.npm.taobao.org/interpret/download/interpret-1.2.0.tgz#d5061a6224be58e8083985f5014d844359576296"
  integrity sha1-1QYaYiS+WOgIOYX1AU2EQ1lXYpY=

ip@^1.1.5:
  version "1.1.5"
  resolved "https://registry.npm.taobao.org/ip/download/ip-1.1.5.tgz#bdded70114290828c0a039e72ef25f5aaec4354a"
  integrity sha1-vd7XARQpCCjAoDnnLvJfWq7ENUo=

is-buffer@^2.0.2:
  version "2.0.4"
  resolved "https://registry.npm.taobao.org/is-buffer/download/is-buffer-2.0.4.tgz?cache=0&sync_timestamp=1569905495687&other_urls=https%3A%2F%2Fregistry.npm.taobao.org%2Fis-buffer%2Fdownload%2Fis-buffer-2.0.4.tgz#3e572f23c8411a5cfd9557c849e3665e0b290623"
  integrity sha1-PlcvI8hBGlz9lVfISeNmXgspBiM=

is-fullwidth-code-point@^3.0.0:
  version "3.0.0"
  resolved "https://registry.npm.taobao.org/is-fullwidth-code-point/download/is-fullwidth-code-point-3.0.0.tgz#f116f8064fe90b3f7844a38997c0b75051269f1d"
  integrity sha1-8Rb4Bk/pCz94RKOJl8C3UFEmnx0=

is-hex-prefixed@1.0.0:
  version "1.0.0"
  resolved "https://registry.npm.taobao.org/is-hex-prefixed/download/is-hex-prefixed-1.0.0.tgz#7d8d37e6ad77e5d127148913c573e082d777f554"
  integrity sha1-fY035q135dEnFIkTxXPggtd39VQ=

is-promise@^2.1.0:
  version "2.1.0"
  resolved "https://registry.npm.taobao.org/is-promise/download/is-promise-2.1.0.tgz#79a2a9ece7f096e80f36d2b2f3bc16c1ff4bf3fa"
  integrity sha1-eaKp7OfwlugPNtKy87wWwf9L8/o=

is-typedarray@^1.0.0:
  version "1.0.0"
  resolved "https://registry.npm.taobao.org/is-typedarray/download/is-typedarray-1.0.0.tgz#e479c80858df0c1b11ddda6940f96011fcda4a9a"
  integrity sha1-5HnICFjfDBsR3dppQPlgEfzaSpo=

iterall@^1.2.2:
  version "1.2.2"
  resolved "https://registry.npm.taobao.org/iterall/download/iterall-1.2.2.tgz#92d70deb8028e0c39ff3164fdbf4d8b088130cd7"
  integrity sha1-ktcN64Ao4MOf8xZP2/TYsIgTDNc=

js-sha3@^0.8.0:
  version "0.8.0"
  resolved "https://registry.npm.taobao.org/js-sha3/download/js-sha3-0.8.0.tgz?cache=0&other_urls=https%3A%2F%2Fregistry.npm.taobao.org%2Fjs-sha3%2Fdownload%2Fjs-sha3-0.8.0.tgz#b9b7a5da73afad7dedd0f8c463954cbde6818840"
  integrity sha1-ubel2nOvrX3t0PjEY5VMveaBiEA=

jsonpack@^1.1.5:
  version "1.1.5"
  resolved "https://registry.npm.taobao.org/jsonpack/download/jsonpack-1.1.5.tgz#d42b0dcfd91ac58ef3110f96d2c599404c3dc27c"
  integrity sha1-1CsNz9kaxY7zEQ+W0sWZQEw9wnw=

local-or-home-npmrc@^1.1.0:
  version "1.1.0"
  resolved "https://registry.yarnpkg.com/local-or-home-npmrc/-/local-or-home-npmrc-1.1.0.tgz#aa64339349861947662c9da5167e4ff07233abd3"
  integrity sha1-qmQzk0mGGUdmLJ2lFn5P8HIzq9M=
  dependencies:
    pkg-dir "^2.0.0"
    user-home "^2.0.0"

locate-path@^2.0.0:
  version "2.0.0"
  resolved "https://registry.yarnpkg.com/locate-path/-/locate-path-2.0.0.tgz#2b568b265eec944c6d9c0de9c3dbbbca0354cd8e"
  integrity sha1-K1aLJl7slExtnA3pw9u7ygNUzY4=
  dependencies:
    p-locate "^2.0.0"
    path-exists "^3.0.0"

lodash.get@^4.4.2:
  version "4.4.2"
  resolved "https://registry.npm.taobao.org/lodash.get/download/lodash.get-4.4.2.tgz#2d177f652fa31e939b4438d5341499dfa3825e99"
  integrity sha1-LRd/ZS+jHpObRDjVNBSZ36OCXpk=

lodash.set@^4.3.2:
  version "4.3.2"
  resolved "https://registry.npm.taobao.org/lodash.set/download/lodash.set-4.3.2.tgz#d8757b1da807dde24816b0d6a84bea1a76230b23"
  integrity sha1-2HV7HagH3eJIFrDWqEvqGnYjCyM=

lodash.upperfirst@^4.3.1:
  version "4.3.1"
  resolved "https://registry.npm.taobao.org/lodash.upperfirst/download/lodash.upperfirst-4.3.1.tgz#1365edf431480481ef0d1c68957a5ed99d49f7ce"
  integrity sha1-E2Xt9DFIBIHvDRxolXpe2Z1J984=

lodash@^4.17.14, lodash@^4.17.15:
  version "4.17.15"
  resolved "https://registry.npm.taobao.org/lodash/download/lodash-4.17.15.tgz?cache=0&sync_timestamp=1563508077056&other_urls=https%3A%2F%2Fregistry.npm.taobao.org%2Flodash%2Fdownload%2Flodash-4.17.15.tgz#b447f6670a0455bbfeedd11392eff330ea097548"
  integrity sha1-tEf2ZwoEVbv+7dETku/zMOoJdUg=

mimic-fn@^2.1.0:
  version "2.1.0"
  resolved "https://registry.npm.taobao.org/mimic-fn/download/mimic-fn-2.1.0.tgz#7ed2c2ccccaf84d3ffcb7a69b57711fc2083401b"
  integrity sha1-ftLCzMyvhNP/y3pptXcR/CCDQBs=

minimalistic-assert@^1.0.0, minimalistic-assert@^1.0.1:
  version "1.0.1"
  resolved "https://registry.npm.taobao.org/minimalistic-assert/download/minimalistic-assert-1.0.1.tgz#2e194de044626d4a10e7f7fbc00ce73e83e4d5c7"
  integrity sha1-LhlN4ERibUoQ5/f7wAznPoPk1cc=

minimalistic-crypto-utils@^1.0.0, minimalistic-crypto-utils@^1.0.1:
  version "1.0.1"
  resolved "https://registry.npm.taobao.org/minimalistic-crypto-utils/download/minimalistic-crypto-utils-1.0.1.tgz#f6c00c1c0b082246e5c4d99dfb8c7c083b2b582a"
  integrity sha1-9sAMHAsIIkblxNmd+4x8CDsrWCo=

minimatch@^3.0.4:
  version "3.0.4"
  resolved "https://registry.npm.taobao.org/minimatch/download/minimatch-3.0.4.tgz?cache=0&other_urls=https%3A%2F%2Fregistry.npm.taobao.org%2Fminimatch%2Fdownload%2Fminimatch-3.0.4.tgz#5166e286457f03306064be5497e8dbb0c3d32083"
  integrity sha1-UWbihkV/AzBgZL5Ul+jbsMPTIIM=
  dependencies:
    brace-expansion "^1.1.7"

minimist@^1.2.0:
  version "1.2.0"
  resolved "https://registry.yarnpkg.com/minimist/-/minimist-1.2.0.tgz#a35008b20f41383eec1fb914f4cd5df79a264284"
  integrity sha1-o1AIsg9BOD7sH7kU9M1d95omQoQ=

ms@2.0.0:
  version "2.0.0"
  resolved "https://registry.npm.taobao.org/ms/download/ms-2.0.0.tgz#5608aeadfc00be6c2901df5f9861788de0d597c8"
  integrity sha1-VgiurfwAvmwpAd9fmGF4jeDVl8g=

ms@^2.1.1:
  version "2.1.2"
  resolved "https://registry.npm.taobao.org/ms/download/ms-2.1.2.tgz#d09d1f357b443f493382a8eb3ccd183872ae6009"
  integrity sha1-0J0fNXtEP0kzgqjrPM0YOHKuYAk=

multibase@^0.6.0:
  version "0.6.0"
  resolved "https://registry.npm.taobao.org/multibase/download/multibase-0.6.0.tgz#0216e350614c7456da5e8e5b20d3fcd4c9104f56"
  integrity sha1-AhbjUGFMdFbaXo5bINP81MkQT1Y=
  dependencies:
    base-x "3.0.4"

mute-stream@0.0.8:
  version "0.0.8"
  resolved "https://registry.npm.taobao.org/mute-stream/download/mute-stream-0.0.8.tgz#1630c42b2251ff81e2a283de96a5497ea92e5e0d"
  integrity sha1-FjDEKyJR/4HiooPelqVJfqkuXg0=

nan@^2.14.0:
  version "2.14.0"
  resolved "https://registry.npm.taobao.org/nan/download/nan-2.14.0.tgz#7818f722027b2459a86f0295d434d1fc2336c52c"
  integrity sha1-eBj3IgJ7JFmobwKV1DTR/CM2xSw=

number-to-bn@^1.7.0:
  version "1.7.0"
  resolved "https://registry.npm.taobao.org/number-to-bn/download/number-to-bn-1.7.0.tgz#bb3623592f7e5f9e0030b1977bd41a0c53fe1ea0"
  integrity sha1-uzYjWS9+X54AMLGXe9QaDFP+HqA=
  dependencies:
    bn.js "4.11.6"
    strip-hex-prefix "1.0.0"

object-assign@4.1.1:
  version "4.1.1"
  resolved "https://registry.npm.taobao.org/object-assign/download/object-assign-4.1.1.tgz#2109adc7965887cfc05cbbd442cac8bfbb360863"
  integrity sha1-IQmtx5ZYh8/AXLvUQsrIv7s2CGM=

once@^1.3.0:
  version "1.4.0"
  resolved "https://registry.npm.taobao.org/once/download/once-1.4.0.tgz#583b1aa775961d4b113ac17d9c50baef9dd76bd1"
  integrity sha1-WDsap3WWHUsROsF9nFC6753Xa9E=
  dependencies:
    wrappy "1"

onetime@^5.1.0:
  version "5.1.0"
  resolved "https://registry.npm.taobao.org/onetime/download/onetime-5.1.0.tgz#fff0f3c91617fe62bb50189636e99ac8a6df7be5"
  integrity sha1-//DzyRYX/mK7UBiWNumayKbfe+U=
  dependencies:
    mimic-fn "^2.1.0"

os-homedir@^1.0.0:
  version "1.0.2"
  resolved "https://registry.yarnpkg.com/os-homedir/-/os-homedir-1.0.2.tgz#ffbc4988336e0e833de0c168c7ef152121aa7fb3"
  integrity sha1-/7xJiDNuDoM94MFox+8VISGqf7M=

os-tmpdir@~1.0.2:
  version "1.0.2"
  resolved "https://registry.npm.taobao.org/os-tmpdir/download/os-tmpdir-1.0.2.tgz#bbe67406c79aa85c5cfec766fe5734555dfa1274"
  integrity sha1-u+Z0BseaqFxc/sdm/lc0VV36EnQ=

p-limit@^1.1.0:
  version "1.3.0"
  resolved "https://registry.yarnpkg.com/p-limit/-/p-limit-1.3.0.tgz#b86bd5f0c25690911c7590fcbfc2010d54b3ccb8"
  integrity sha512-vvcXsLAJ9Dr5rQOPk7toZQZJApBl2K4J6dANSsEuh6QI41JYcsS/qhTGa9ErIUUgK3WNQoJYvylxvjqmiqEA9Q==
  dependencies:
    p-try "^1.0.0"

p-locate@^2.0.0:
  version "2.0.0"
  resolved "https://registry.yarnpkg.com/p-locate/-/p-locate-2.0.0.tgz#20a0103b222a70c8fd39cc2e580680f3dde5ec43"
  integrity sha1-IKAQOyIqcMj9OcwuWAaA893l7EM=
  dependencies:
    p-limit "^1.1.0"

p-try@^1.0.0:
  version "1.0.0"
  resolved "https://registry.yarnpkg.com/p-try/-/p-try-1.0.0.tgz#cbc79cdbaf8fd4228e13f621f2b1a237c1b207b3"
  integrity sha1-y8ec26+P1CKOE/Yh8rGiN8GyB7M=

path-exists@^3.0.0:
  version "3.0.0"
  resolved "https://registry.yarnpkg.com/path-exists/-/path-exists-3.0.0.tgz#ce0ebeaa5f78cb18925ea7d810d7b59b010fd515"
  integrity sha1-zg6+ql94yxiSXqfYENe1mwEP1RU=

path-is-absolute@^1.0.0:
  version "1.0.1"
  resolved "https://registry.npm.taobao.org/path-is-absolute/download/path-is-absolute-1.0.1.tgz#174b9268735534ffbc7ace6bf53a5a9e1b5c5f5f"
  integrity sha1-F0uSaHNVNP+8es5r9TpanhtcX18=

path-parse@^1.0.6:
  version "1.0.7"
  resolved "https://registry.yarnpkg.com/path-parse/-/path-parse-1.0.7.tgz#fbc114b60ca42b30d9daf5858e4bd68bbedb6735"
  integrity sha512-LDJzPVEEEPR+y48z93A0Ed0yXb8pAByGWo/k5YYdYgpY2/2EsOsksJrq7lOHxryrVOn1ejG6oAp8ahvOIQD8sw==

performance-now@^2.1.0:
  version "2.1.0"
  resolved "https://registry.npm.taobao.org/performance-now/download/performance-now-2.1.0.tgz#6309f4e0e5fa913ec1c69307ae364b4b377c9e7b"
  integrity sha1-Ywn04OX6kT7BxpMHrjZLSzd8nns=

phoenix-channels@^1.0.0:
  version "1.0.0"
  resolved "https://registry.npm.taobao.org/phoenix-channels/download/phoenix-channels-1.0.0.tgz#4de3a7a3427483deffc4908d8fecac725db06d6a"
  integrity sha1-TeOno0J0g97/xJCNj+yscl2wbWo=
  dependencies:
    websocket "^1.0.24"

pkg-dir@^2.0.0:
  version "2.0.0"
  resolved "https://registry.yarnpkg.com/pkg-dir/-/pkg-dir-2.0.0.tgz#f6d5d1109e19d63edf428e0bd57e12777615334b"
  integrity sha1-9tXREJ4Z1j7fQo4L1X4Sd3YVM0s=
  dependencies:
    find-up "^2.1.0"

promise@8.0.3:
  version "8.0.3"
  resolved "https://registry.npm.taobao.org/promise/download/promise-8.0.3.tgz#f592e099c6cddc000d538ee7283bb190452b0bf6"
  integrity sha1-9ZLgmcbN3AANU47nKDuxkEUrC/Y=
  dependencies:
    asap "~2.0.6"

raf@3.4.1:
  version "3.4.1"
  resolved "https://registry.npm.taobao.org/raf/download/raf-3.4.1.tgz?cache=0&other_urls=https%3A%2F%2Fregistry.npm.taobao.org%2Fraf%2Fdownload%2Fraf-3.4.1.tgz#0742e99a4a6552f445d73e3ee0328af0ff1ede39"
  integrity sha1-B0LpmkplUvRF1z4+4DKK8P8e3jk=
  dependencies:
    performance-now "^2.1.0"

randombytes@^2.0.6:
  version "2.1.0"
  resolved "https://registry.npm.taobao.org/randombytes/download/randombytes-2.1.0.tgz?cache=0&other_urls=https%3A%2F%2Fregistry.npm.taobao.org%2Frandombytes%2Fdownload%2Frandombytes-2.1.0.tgz#df6f84372f0270dc65cdf6291349ab7a473d4f2a"
  integrity sha1-32+ENy8CcNxlzfYpE0mrekc9Tyo=
  dependencies:
    safe-buffer "^5.1.0"

rc@^1.2.8:
  version "1.2.8"
  resolved "https://registry.yarnpkg.com/rc/-/rc-1.2.8.tgz#cd924bf5200a075b83c188cd6b9e211b7fc0d3ed"
  integrity sha512-y3bGgqKj3QBdxLbLkomlohkvsA8gdAiUQlSBJnBhfn+BPxg4bc62d8TcBW15wavDfgexCgccckhcZvywyQYPOw==
  dependencies:
    deep-extend "^0.6.0"
    ini "~1.3.0"
    minimist "^1.2.0"
    strip-json-comments "~2.0.1"

react-app-polyfill@^1.0.1:
  version "1.0.4"
  resolved "https://registry.npm.taobao.org/react-app-polyfill/download/react-app-polyfill-1.0.4.tgz#4dd2636846b585c2d842b1e44e1bc29044345874"
  integrity sha1-TdJjaEa1hcLYQrHkThvCkEQ0WHQ=
  dependencies:
    core-js "3.2.1"
    object-assign "4.1.1"
    promise "8.0.3"
    raf "3.4.1"
    regenerator-runtime "0.13.3"
    whatwg-fetch "3.0.0"

rechoir@^0.6.2:
  version "0.6.2"
  resolved "https://registry.npm.taobao.org/rechoir/download/rechoir-0.6.2.tgz#85204b54dba82d5742e28c96756ef43af50e3384"
  integrity sha1-hSBLVNuoLVdC4oyWdW70OvUOM4Q=
  dependencies:
    resolve "^1.1.6"

regenerator-runtime@0.13.3:
  version "0.13.3"
  resolved "https://registry.npm.taobao.org/regenerator-runtime/download/regenerator-runtime-0.13.3.tgz#7cf6a77d8f5c6f60eb73c5fc1955b2ceb01e6bf5"
  integrity sha1-fPanfY9cb2Drc8X8GVWyzrAea/U=

registry-url@^5.1.0:
  version "5.1.0"
  resolved "https://registry.yarnpkg.com/registry-url/-/registry-url-5.1.0.tgz#e98334b50d5434b81136b44ec638d9c2009c5009"
  integrity sha512-8acYXXTI0AkQv6RAOjE3vOaIXZkT9wo4LOFbBKYQEEnnMNBpKqdUrI6S4NT0KPIo/WVvJ5tE/X5LF/TQUf0ekw==
  dependencies:
    rc "^1.2.8"

resolve@^1.1.6:
  version "1.13.0"
  resolved "https://registry.npm.taobao.org/resolve/download/resolve-1.13.0.tgz#e879eb397efb40511056ede7300b6ac28c51290b"
  integrity sha1-6HnrOX77QFEQVu3nMAtqwoxRKQs=
  dependencies:
    path-parse "^1.0.6"

restore-cursor@^3.1.0:
  version "3.1.0"
  resolved "https://registry.npm.taobao.org/restore-cursor/download/restore-cursor-3.1.0.tgz#39f67c54b3a7a58cea5236d95cf0034239631f7e"
  integrity sha1-OfZ8VLOnpYzqUjbZXPADQjljH34=
  dependencies:
    onetime "^5.1.0"
    signal-exit "^3.0.2"

run-async@^2.2.0, run-async@^2.3.0:
  version "2.3.0"
  resolved "https://registry.npm.taobao.org/run-async/download/run-async-2.3.0.tgz#0371ab4ae0bdd720d4166d7dfda64ff7a445a6c0"
  integrity sha1-A3GrSuC91yDUFm19/aZP96RFpsA=
  dependencies:
    is-promise "^2.1.0"

rxjs@^6.4.0:
  version "6.5.3"
  resolved "https://registry.npm.taobao.org/rxjs/download/rxjs-6.5.3.tgz#510e26317f4db91a7eb1de77d9dd9ba0a4899a3a"
  integrity sha1-UQ4mMX9NuRp+sd532d2boKSJmjo=
  dependencies:
    tslib "^1.9.0"

safe-buffer@^5.0.1, safe-buffer@^5.1.0:
  version "5.2.0"
  resolved "https://registry.npm.taobao.org/safe-buffer/download/safe-buffer-5.2.0.tgz?cache=0&sync_timestamp=1562377642757&other_urls=https%3A%2F%2Fregistry.npm.taobao.org%2Fsafe-buffer%2Fdownload%2Fsafe-buffer-5.2.0.tgz#b74daec49b1148f88c64b68d49b1e815c1f2f519"
  integrity sha1-t02uxJsRSPiMZLaNSbHoFcHy9Rk=

"safer-buffer@>= 2.1.2 < 3":
  version "2.1.2"
  resolved "https://registry.npm.taobao.org/safer-buffer/download/safer-buffer-2.1.2.tgz?cache=0&other_urls=https%3A%2F%2Fregistry.npm.taobao.org%2Fsafer-buffer%2Fdownload%2Fsafer-buffer-2.1.2.tgz#44fa161b0187b9549dd84bb91802f9bd8385cd6a"
  integrity sha1-RPoWGwGHuVSd2Eu5GAL5vYOFzWo=

shelljs@^0.8.3:
  version "0.8.3"
  resolved "https://registry.npm.taobao.org/shelljs/download/shelljs-0.8.3.tgz#a7f3319520ebf09ee81275b2368adb286659b097"
  integrity sha1-p/MxlSDr8J7oEnWyNorbKGZZsJc=
  dependencies:
    glob "^7.0.0"
    interpret "^1.0.0"
    rechoir "^0.6.2"

signal-exit@^3.0.2:
  version "3.0.2"
  resolved "https://registry.npm.taobao.org/signal-exit/download/signal-exit-3.0.2.tgz?cache=0&other_urls=https%3A%2F%2Fregistry.npm.taobao.org%2Fsignal-exit%2Fdownload%2Fsignal-exit-3.0.2.tgz#b5fdc08f1287ea1178628e415e25132b73646c6d"
  integrity sha1-tf3AjxKH6hF4Yo5BXiUTK3NkbG0=

string-width@^4.1.0:
  version "4.2.0"
  resolved "https://registry.npm.taobao.org/string-width/download/string-width-4.2.0.tgz?cache=0&sync_timestamp=1573488535785&other_urls=https%3A%2F%2Fregistry.npm.taobao.org%2Fstring-width%2Fdownload%2Fstring-width-4.2.0.tgz#952182c46cc7b2c313d1596e623992bd163b72b5"
  integrity sha1-lSGCxGzHssMT0VluYjmSvRY7crU=
  dependencies:
    emoji-regex "^8.0.0"
    is-fullwidth-code-point "^3.0.0"
    strip-ansi "^6.0.0"

strip-ansi@^5.1.0:
  version "5.2.0"
  resolved "https://registry.npm.taobao.org/strip-ansi/download/strip-ansi-5.2.0.tgz?cache=0&sync_timestamp=1573280549549&other_urls=https%3A%2F%2Fregistry.npm.taobao.org%2Fstrip-ansi%2Fdownload%2Fstrip-ansi-5.2.0.tgz#8c9a536feb6afc962bdfa5b104a5091c1ad9c0ae"
  integrity sha1-jJpTb+tq/JYr36WxBKUJHBrZwK4=
  dependencies:
    ansi-regex "^4.1.0"

strip-ansi@^6.0.0:
  version "6.0.0"
  resolved "https://registry.npm.taobao.org/strip-ansi/download/strip-ansi-6.0.0.tgz?cache=0&sync_timestamp=1573280549549&other_urls=https%3A%2F%2Fregistry.npm.taobao.org%2Fstrip-ansi%2Fdownload%2Fstrip-ansi-6.0.0.tgz#0b1571dd7669ccd4f3e06e14ef1eed26225ae532"
  integrity sha1-CxVx3XZpzNTz4G4U7x7tJiJa5TI=
  dependencies:
    ansi-regex "^5.0.0"

strip-hex-prefix@1.0.0:
  version "1.0.0"
  resolved "https://registry.npm.taobao.org/strip-hex-prefix/download/strip-hex-prefix-1.0.0.tgz#0c5f155fef1151373377de9dbb588da05500e36f"
  integrity sha1-DF8VX+8RUTczd96du1iNoFUA428=
  dependencies:
    is-hex-prefixed "1.0.0"

strip-json-comments@~2.0.1:
  version "2.0.1"
  resolved "https://registry.yarnpkg.com/strip-json-comments/-/strip-json-comments-2.0.1.tgz#3c531942e908c2697c0ec344858c286c7ca0a60a"
  integrity sha1-PFMZQukIwml8DsNEhYwobHygpgo=

supports-color@^5.3.0:
  version "5.5.0"
  resolved "https://registry.npm.taobao.org/supports-color/download/supports-color-5.5.0.tgz?cache=0&sync_timestamp=1569557271992&other_urls=https%3A%2F%2Fregistry.npm.taobao.org%2Fsupports-color%2Fdownload%2Fsupports-color-5.5.0.tgz#e2e69a44ac8772f78a1ec0b35b689df6530efc8f"
  integrity sha1-4uaaRKyHcveKHsCzW2id9lMO/I8=
  dependencies:
    has-flag "^3.0.0"

through@^2.3.6:
  version "2.3.8"
  resolved "https://registry.npm.taobao.org/through/download/through-2.3.8.tgz#0dd4c9ffaabc357960b1b724115d7e0e86a2e1f5"
  integrity sha1-DdTJ/6q8NXlgsbckEV1+Doai4fU=

tmp@^0.0.33:
  version "0.0.33"
  resolved "https://registry.npm.taobao.org/tmp/download/tmp-0.0.33.tgz#6d34335889768d21b2bcda0aa277ced3b1bfadf9"
  integrity sha1-bTQzWIl2jSGyvNoKonfO07G/rfk=
  dependencies:
    os-tmpdir "~1.0.2"

tslib@^1.9.0:
  version "1.10.0"
  resolved "https://registry.npm.taobao.org/tslib/download/tslib-1.10.0.tgz?cache=0&other_urls=https%3A%2F%2Fregistry.npm.taobao.org%2Ftslib%2Fdownload%2Ftslib-1.10.0.tgz#c3c19f95973fb0a62973fb09d90d961ee43e5c8a"
  integrity sha1-w8GflZc/sKYpc/sJ2Q2WHuQ+XIo=

tweetnacl@^1.0.1:
  version "1.0.1"
  resolved "https://registry.npm.taobao.org/tweetnacl/download/tweetnacl-1.0.1.tgz#2594d42da73cd036bd0d2a54683dd35a6b55ca17"
  integrity sha1-JZTULac80Da9DSpUaD3TWmtVyhc=

type-fest@^0.8.1:
  version "0.8.1"
  resolved "https://registry.npm.taobao.org/type-fest/download/type-fest-0.8.1.tgz?cache=0&other_urls=https%3A%2F%2Fregistry.npm.taobao.org%2Ftype-fest%2Fdownload%2Ftype-fest-0.8.1.tgz#09e249ebde851d3b1e48d27c105444667f17b83d"
  integrity sha1-CeJJ696FHTseSNJ8EFREZn8XuD0=

typedarray-to-buffer@^3.1.5:
  version "3.1.5"
  resolved "https://registry.npm.taobao.org/typedarray-to-buffer/download/typedarray-to-buffer-3.1.5.tgz#a97ee7a9ff42691b9f783ff1bc5112fe3fca9080"
  integrity sha1-qX7nqf9CaRufeD/xvFES/j/KkIA=
  dependencies:
    is-typedarray "^1.0.0"

user-home@^2.0.0:
  version "2.0.0"
  resolved "https://registry.yarnpkg.com/user-home/-/user-home-2.0.0.tgz#9c70bfd8169bc1dcbf48604e0f04b8b49cde9e9f"
  integrity sha1-nHC/2Babwdy/SGBODwS4tJzenp8=
  dependencies:
    os-homedir "^1.0.0"

utf8@^3.0.0:
  version "3.0.0"
  resolved "https://registry.npm.taobao.org/utf8/download/utf8-3.0.0.tgz#f052eed1364d696e769ef058b183df88c87f69d1"
  integrity sha1-8FLu0TZNaW52nvBYsYPfiMh/adE=

websocket@^1.0.24:
  version "1.0.30"
  resolved "https://registry.npm.taobao.org/websocket/download/websocket-1.0.30.tgz#91d3bd00c3d43e916f0cf962f8f8c451bb0b2373"
  integrity sha1-kdO9AMPUPpFvDPli+PjEUbsLI3M=
  dependencies:
    debug "^2.2.0"
    nan "^2.14.0"
    typedarray-to-buffer "^3.1.5"
    yaeti "^0.0.6"

whatwg-fetch@3.0.0:
  version "3.0.0"
  resolved "https://registry.npm.taobao.org/whatwg-fetch/download/whatwg-fetch-3.0.0.tgz?cache=0&other_urls=https%3A%2F%2Fregistry.npm.taobao.org%2Fwhatwg-fetch%2Fdownload%2Fwhatwg-fetch-3.0.0.tgz#fc804e458cc460009b1a2b966bc8817d2578aefb"
  integrity sha1-/IBORYzEYACbGiuWa8iBfSV4rvs=

wolfy87-eventemitter@^5.2.5:
  version "5.2.8"
  resolved "https://registry.npm.taobao.org/wolfy87-eventemitter/download/wolfy87-eventemitter-5.2.8.tgz#fb7fff095cb972aa2a246b25e15b2764688c18a7"
  integrity sha1-+3//CVy5cqoqJGsl4VsnZGiMGKc=

wrappy@1:
  version "1.0.2"
  resolved "https://registry.npm.taobao.org/wrappy/download/wrappy-1.0.2.tgz#b5243d8f3ec1aa35f1364605bc0d1036e30ab69f"
  integrity sha1-tSQ9jz7BqjXxNkYFvA0QNuMKtp8=

yaeti@^0.0.6:
  version "0.0.6"
  resolved "https://registry.npm.taobao.org/yaeti/download/yaeti-0.0.6.tgz#f26f484d72684cf42bedfb76970aa1608fbf9577"
  integrity sha1-8m9ITXJoTPQr7ft2lwqhYI+/lXc=
